
Microsoft Visual Studio Solution File, Format Version 12.00
# Visual Studio Version 17
VisualStudioVersion = 17.4.33110.190
MinimumVisualStudioVersion = 10.0.40219.1
Project("{9A19103F-16F7-4668-BE54-9A1E7A4F7556}") = "ECommerceShoppingCartAppASPNET7", "ECommerceShoppingCartAppASPNET7\ECommerceShoppingCartAppASPNET7.csproj", "{06C77B02-DE65-4676-B135-8F610E337057}"
EndProject
Global
	GlobalSection(SolutionConfigurationPlatforms) = preSolution
		Debug|Any CPU = Debug|Any CPU
		Release|Any CPU = Release|Any CPU
	EndGlobalSection
	GlobalSection(ProjectConfigurationPlatforms) = postSolution
		{06C77B02-DE65-4676-B135-8F610E337057}.Debug|Any CPU.ActiveCfg = Debug|Any CPU
		{06C77B02-DE65-4676-B135-8F610E337057}.Debug|Any CPU.Build.0 = Debug|Any CPU
		{06C77B02-DE65-4676-B135-8F610E337057}.Release|Any CPU.ActiveCfg = Release|Any CPU
		{06C77B02-DE65-4676-B135-8F610E337057}.Release|Any CPU.Build.0 = Release|Any CPU
	EndGlobalSection
	GlobalSection(SolutionProperties) = preSolution
		HideSolutionNode = FALSE
	EndGlobalSection
	GlobalSection(ExtensibilityGlobals) = postSolution
		SolutionGuid = {30AE3FEE-02A7-4F9F-9C07-0164007A8C21}
	EndGlobalSection
EndGlobal
